
Microsoft Visual Studio Solution File, Format Version 12.00
# Visual Studio Version 16
VisualStudioVersion = 25.0.1706.7
MinimumVisualStudioVersion = 10.0.40219.1
Project("{FAE04EC0-301F-11D3-BF4B-00C04F79EFBC}") = "Dotnet.EventSourcing.Domain", "Dotnet.EventSourcing.Domain\Dotnet.EventSourcing.Domain.csproj", "{093B4C72-5727-4706-81B4-1C98B9DCCEDF}"
EndProject
Project("{FAE04EC0-301F-11D3-BF4B-00C04F79EFBC}") = "Dotnet.EventSourcing.SharedKernel", "Dotnet.EventSourcing.SharedKernel\Dotnet.EventSourcing.SharedKernel.csproj", "{577725A2-7BA1-4B87-86D6-D70D90535B7B}"
EndProject
Project("{FAE04EC0-301F-11D3-BF4B-00C04F79EFBC}") = "Dotnet.EventSourcing.Infrastructure", "Dotnet.EventSourcing.Infrastructure\Dotnet.EventSourcing.Infrastructure.csproj", "{0763DCF2-B0F2-452D-AC90-2B71A333AE81}"
EndProject
Project("{FAE04EC0-301F-11D3-BF4B-00C04F79EFBC}") = "Dotnet.EventSourcing.Application", "Dotnet.EventSourcing.Application\Dotnet.EventSourcing.Application.csproj", "{289824EC-C118-4F06-AD42-C80C85510C53}"
EndProject
Project("{FAE04EC0-301F-11D3-BF4B-00C04F79EFBC}") = "Dotnet.EventSourcing.Api", "Dotnet.EventSourcing.Api\Dotnet.EventSourcing.Api.csproj", "{71E58273-E903-4C0F-8A63-C3214FA0F9E2}"
EndProject
Project("{FAE04EC0-301F-11D3-BF4B-00C04F79EFBC}") = "Dotnet.EventSourcing.Tests", "Dotnet.EventSourcing.Tests\Dotnet.EventSourcing.Tests.csproj", "{AA7E3F7F-D8DD-40AB-BC09-EFA6DD19DF78}"
EndProject
Project("{FAE04EC0-301F-11D3-BF4B-00C04F79EFBC}") = "Dotnet.EventSourcing.DomainTests", "Dotnet.EventSourcing.DomainTests\Dotnet.EventSourcing.DomainTests.csproj", "{4D2C638C-00F7-4887-9577-7F0E4CED12D8}"
EndProject
Global
	GlobalSection(SolutionConfigurationPlatforms) = preSolution
		Debug|Any CPU = Debug|Any CPU
		Release|Any CPU = Release|Any CPU
	EndGlobalSection
	GlobalSection(ProjectConfigurationPlatforms) = postSolution
		{093B4C72-5727-4706-81B4-1C98B9DCCEDF}.Debug|Any CPU.ActiveCfg = Debug|Any CPU
		{093B4C72-5727-4706-81B4-1C98B9DCCEDF}.Debug|Any CPU.Build.0 = Debug|Any CPU
		{093B4C72-5727-4706-81B4-1C98B9DCCEDF}.Release|Any CPU.ActiveCfg = Release|Any CPU
		{093B4C72-5727-4706-81B4-1C98B9DCCEDF}.Release|Any CPU.Build.0 = Release|Any CPU
		{577725A2-7BA1-4B87-86D6-D70D90535B7B}.Debug|Any CPU.ActiveCfg = Debug|Any CPU
		{577725A2-7BA1-4B87-86D6-D70D90535B7B}.Debug|Any CPU.Build.0 = Debug|Any CPU
		{577725A2-7BA1-4B87-86D6-D70D90535B7B}.Release|Any CPU.ActiveCfg = Release|Any CPU
		{577725A2-7BA1-4B87-86D6-D70D90535B7B}.Release|Any CPU.Build.0 = Release|Any CPU
		{0763DCF2-B0F2-452D-AC90-2B71A333AE81}.Debug|Any CPU.ActiveCfg = Debug|Any CPU
		{0763DCF2-B0F2-452D-AC90-2B71A333AE81}.Debug|Any CPU.Build.0 = Debug|Any CPU
		{0763DCF2-B0F2-452D-AC90-2B71A333AE81}.Release|Any CPU.ActiveCfg = Release|Any CPU
		{0763DCF2-B0F2-452D-AC90-2B71A333AE81}.Release|Any CPU.Build.0 = Release|Any CPU
		{289824EC-C118-4F06-AD42-C80C85510C53}.Debug|Any CPU.ActiveCfg = Debug|Any CPU
		{289824EC-C118-4F06-AD42-C80C85510C53}.Debug|Any CPU.Build.0 = Debug|Any CPU
		{289824EC-C118-4F06-AD42-C80C85510C53}.Release|Any CPU.ActiveCfg = Release|Any CPU
		{289824EC-C118-4F06-AD42-C80C85510C53}.Release|Any CPU.Build.0 = Release|Any CPU
		{71E58273-E903-4C0F-8A63-C3214FA0F9E2}.Debug|Any CPU.ActiveCfg = Debug|Any CPU
		{71E58273-E903-4C0F-8A63-C3214FA0F9E2}.Debug|Any CPU.Build.0 = Debug|Any CPU
		{71E58273-E903-4C0F-8A63-C3214FA0F9E2}.Release|Any CPU.ActiveCfg = Release|Any CPU
		{71E58273-E903-4C0F-8A63-C3214FA0F9E2}.Release|Any CPU.Build.0 = Release|Any CPU
		{AA7E3F7F-D8DD-40AB-BC09-EFA6DD19DF78}.Debug|Any CPU.ActiveCfg = Debug|Any CPU
		{AA7E3F7F-D8DD-40AB-BC09-EFA6DD19DF78}.Debug|Any CPU.Build.0 = Debug|Any CPU
		{AA7E3F7F-D8DD-40AB-BC09-EFA6DD19DF78}.Release|Any CPU.ActiveCfg = Release|Any CPU
		{AA7E3F7F-D8DD-40AB-BC09-EFA6DD19DF78}.Release|Any CPU.Build.0 = Release|Any CPU
		{4D2C638C-00F7-4887-9577-7F0E4CED12D8}.Debug|Any CPU.ActiveCfg = Debug|Any CPU
		{4D2C638C-00F7-4887-9577-7F0E4CED12D8}.Debug|Any CPU.Build.0 = Debug|Any CPU
		{4D2C638C-00F7-4887-9577-7F0E4CED12D8}.Release|Any CPU.ActiveCfg = Release|Any CPU
		{4D2C638C-00F7-4887-9577-7F0E4CED12D8}.Release|Any CPU.Build.0 = Release|Any CPU
	EndGlobalSection
	GlobalSection(SolutionProperties) = preSolution
		HideSolutionNode = FALSE
	EndGlobalSection
	GlobalSection(ExtensibilityGlobals) = postSolution
		SolutionGuid = {FDEFC78E-70D3-4BCE-850C-671A51D29D7B}
	EndGlobalSection
EndGlobal
